{
	"name": "@cortado-holding/animation",
	"version": "1.0.0",
	"lockfileVersion": 2,
	"requires": true,
	"packages": {
		"": {
			"name": "@cortado-holding/animation",
			"version": "1.0.0",
			"license": "MIT",
			"dependencies": {
				"@stencil/core": "^2.18.0",
				"lottie-web": "^5.9.6"
			},
			"devDependencies": {
				"prettier": "^2.7.1"
			}
		},
		"node_modules/@stencil/core": {
			"version": "2.18.0",
			"resolved": "https://registry.npmjs.org/@stencil/core/-/core-2.18.0.tgz",
			"integrity": "sha512-NLEY8Jq59smyiivBAxHKipsp9YkkW/K/Vm90zAyXQqukb12i2SFucWHJ1Ik7ropVlhmMVvigyxXgRfQ9quIqtg==",
			"bin": {
				"stencil": "bin/stencil"
			},
			"engines": {
				"node": ">=12.10.0",
				"npm": ">=6.0.0"
			}
		},
		"node_modules/lottie-web": {
			"version": "5.9.6",
			"resolved": "https://registry.npmjs.org/lottie-web/-/lottie-web-5.9.6.tgz",
			"integrity": "sha512-JFs7KsHwflugH5qIXBpB4905yC1Sub2MZWtl/elvO/QC6qj1ApqbUZJyjzJseJUtVpgiDaXQLjBlIJGS7UUUXA=="
		},
		"node_modules/prettier": {
			"version": "2.7.1",
			"resolved": "https://registry.npmjs.org/prettier/-/prettier-2.7.1.tgz",
			"integrity": "sha512-ujppO+MkdPqoVINuDFDRLClm7D78qbDt0/NR+wp5FqEZOoTNAjPHWj17QRhu7geIHJfcNhRk1XVQmF8Bp3ye+g==",
			"dev": true,
			"bin": {
				"prettier": "bin-prettier.js"
			},
			"engines": {
				"node": ">=10.13.0"
			},
			"funding": {
				"url": "https://github.com/prettier/prettier?sponsor=1"
			}
		}
	},
	"dependencies": {
		"@stencil/core": {
			"version": "2.18.0",
			"resolved": "https://registry.npmjs.org/@stencil/core/-/core-2.18.0.tgz",
			"integrity": "sha512-NLEY8Jq59smyiivBAxHKipsp9YkkW/K/Vm90zAyXQqukb12i2SFucWHJ1Ik7ropVlhmMVvigyxXgRfQ9quIqtg=="
		},
		"lottie-web": {
			"version": "5.9.6",
			"resolved": "https://registry.npmjs.org/lottie-web/-/lottie-web-5.9.6.tgz",
			"integrity": "sha512-JFs7KsHwflugH5qIXBpB4905yC1Sub2MZWtl/elvO/QC6qj1ApqbUZJyjzJseJUtVpgiDaXQLjBlIJGS7UUUXA=="
		},
		"prettier": {
			"version": "2.7.1",
			"resolved": "https://registry.npmjs.org/prettier/-/prettier-2.7.1.tgz",
			"integrity": "sha512-ujppO+MkdPqoVINuDFDRLClm7D78qbDt0/NR+wp5FqEZOoTNAjPHWj17QRhu7geIHJfcNhRk1XVQmF8Bp3ye+g==",
			"dev": true
		}
	}
}
